
Microsoft Visual Studio Solution File, Format Version 12.00
# Visual Studio 15
VisualStudioVersion = 15.0.26124.0
MinimumVisualStudioVersion = 15.0.26124.0
Project("{FAE04EC0-301F-11D3-BF4B-00C04F79EFBC}") = "Infrastructure.Logging", "Infrastructure.Logging\Infrastructure.Logging.csproj", "{E1AEA38F-2BEA-4062-8F92-C932E8A7267E}"
EndProject
Project("{FAE04EC0-301F-11D3-BF4B-00C04F79EFBC}") = "WebApi", "WebApi\WebApi.csproj", "{F438205D-EEDD-4639-A8CE-3FDA406A18C0}"
EndProject
Project("{FAE04EC0-301F-11D3-BF4B-00C04F79EFBC}") = "WebApi.Test.Unit", "WebApi.Test.Unit\WebApi.Test.Unit.csproj", "{ECD4786A-90E6-4782-82B8-10D3F17F7622}"
EndProject
Project("{FAE04EC0-301F-11D3-BF4B-00C04F79EFBC}") = "Client", "Client\Client.csproj", "{E571A59D-7D44-4671-B546-244B4882AF0A}"
EndProject
Global
	GlobalSection(SolutionConfigurationPlatforms) = preSolution
		Debug|Any CPU = Debug|Any CPU
		Debug|x64 = Debug|x64
		Debug|x86 = Debug|x86
		Release|Any CPU = Release|Any CPU
		Release|x64 = Release|x64
		Release|x86 = Release|x86
	EndGlobalSection
	GlobalSection(SolutionProperties) = preSolution
		HideSolutionNode = FALSE
	EndGlobalSection
	GlobalSection(ProjectConfigurationPlatforms) = postSolution
		{E1AEA38F-2BEA-4062-8F92-C932E8A7267E}.Debug|Any CPU.ActiveCfg = Debug|Any CPU
		{E1AEA38F-2BEA-4062-8F92-C932E8A7267E}.Debug|Any CPU.Build.0 = Debug|Any CPU
		{E1AEA38F-2BEA-4062-8F92-C932E8A7267E}.Debug|x64.ActiveCfg = Debug|Any CPU
		{E1AEA38F-2BEA-4062-8F92-C932E8A7267E}.Debug|x64.Build.0 = Debug|Any CPU
		{E1AEA38F-2BEA-4062-8F92-C932E8A7267E}.Debug|x86.ActiveCfg = Debug|Any CPU
		{E1AEA38F-2BEA-4062-8F92-C932E8A7267E}.Debug|x86.Build.0 = Debug|Any CPU
		{E1AEA38F-2BEA-4062-8F92-C932E8A7267E}.Release|Any CPU.ActiveCfg = Release|Any CPU
		{E1AEA38F-2BEA-4062-8F92-C932E8A7267E}.Release|Any CPU.Build.0 = Release|Any CPU
		{E1AEA38F-2BEA-4062-8F92-C932E8A7267E}.Release|x64.ActiveCfg = Release|Any CPU
		{E1AEA38F-2BEA-4062-8F92-C932E8A7267E}.Release|x64.Build.0 = Release|Any CPU
		{E1AEA38F-2BEA-4062-8F92-C932E8A7267E}.Release|x86.ActiveCfg = Release|Any CPU
		{E1AEA38F-2BEA-4062-8F92-C932E8A7267E}.Release|x86.Build.0 = Release|Any CPU
		{F438205D-EEDD-4639-A8CE-3FDA406A18C0}.Debug|Any CPU.ActiveCfg = Debug|Any CPU
		{F438205D-EEDD-4639-A8CE-3FDA406A18C0}.Debug|Any CPU.Build.0 = Debug|Any CPU
		{F438205D-EEDD-4639-A8CE-3FDA406A18C0}.Debug|x64.ActiveCfg = Debug|Any CPU
		{F438205D-EEDD-4639-A8CE-3FDA406A18C0}.Debug|x64.Build.0 = Debug|Any CPU
		{F438205D-EEDD-4639-A8CE-3FDA406A18C0}.Debug|x86.ActiveCfg = Debug|Any CPU
		{F438205D-EEDD-4639-A8CE-3FDA406A18C0}.Debug|x86.Build.0 = Debug|Any CPU
		{F438205D-EEDD-4639-A8CE-3FDA406A18C0}.Release|Any CPU.ActiveCfg = Release|Any CPU
		{F438205D-EEDD-4639-A8CE-3FDA406A18C0}.Release|Any CPU.Build.0 = Release|Any CPU
		{F438205D-EEDD-4639-A8CE-3FDA406A18C0}.Release|x64.ActiveCfg = Release|Any CPU
		{F438205D-EEDD-4639-A8CE-3FDA406A18C0}.Release|x64.Build.0 = Release|Any CPU
		{F438205D-EEDD-4639-A8CE-3FDA406A18C0}.Release|x86.ActiveCfg = Release|Any CPU
		{F438205D-EEDD-4639-A8CE-3FDA406A18C0}.Release|x86.Build.0 = Release|Any CPU
		{ECD4786A-90E6-4782-82B8-10D3F17F7622}.Debug|Any CPU.ActiveCfg = Debug|Any CPU
		{ECD4786A-90E6-4782-82B8-10D3F17F7622}.Debug|Any CPU.Build.0 = Debug|Any CPU
		{ECD4786A-90E6-4782-82B8-10D3F17F7622}.Debug|x64.ActiveCfg = Debug|Any CPU
		{ECD4786A-90E6-4782-82B8-10D3F17F7622}.Debug|x64.Build.0 = Debug|Any CPU
		{ECD4786A-90E6-4782-82B8-10D3F17F7622}.Debug|x86.ActiveCfg = Debug|Any CPU
		{ECD4786A-90E6-4782-82B8-10D3F17F7622}.Debug|x86.Build.0 = Debug|Any CPU
		{ECD4786A-90E6-4782-82B8-10D3F17F7622}.Release|Any CPU.ActiveCfg = Release|Any CPU
		{ECD4786A-90E6-4782-82B8-10D3F17F7622}.Release|Any CPU.Build.0 = Release|Any CPU
		{ECD4786A-90E6-4782-82B8-10D3F17F7622}.Release|x64.ActiveCfg = Release|Any CPU
		{ECD4786A-90E6-4782-82B8-10D3F17F7622}.Release|x64.Build.0 = Release|Any CPU
		{ECD4786A-90E6-4782-82B8-10D3F17F7622}.Release|x86.ActiveCfg = Release|Any CPU
		{ECD4786A-90E6-4782-82B8-10D3F17F7622}.Release|x86.Build.0 = Release|Any CPU
		{E571A59D-7D44-4671-B546-244B4882AF0A}.Debug|Any CPU.ActiveCfg = Debug|Any CPU
		{E571A59D-7D44-4671-B546-244B4882AF0A}.Debug|Any CPU.Build.0 = Debug|Any CPU
		{E571A59D-7D44-4671-B546-244B4882AF0A}.Debug|x64.ActiveCfg = Debug|Any CPU
		{E571A59D-7D44-4671-B546-244B4882AF0A}.Debug|x64.Build.0 = Debug|Any CPU
		{E571A59D-7D44-4671-B546-244B4882AF0A}.Debug|x86.ActiveCfg = Debug|Any CPU
		{E571A59D-7D44-4671-B546-244B4882AF0A}.Debug|x86.Build.0 = Debug|Any CPU
		{E571A59D-7D44-4671-B546-244B4882AF0A}.Release|Any CPU.ActiveCfg = Release|Any CPU
		{E571A59D-7D44-4671-B546-244B4882AF0A}.Release|Any CPU.Build.0 = Release|Any CPU
		{E571A59D-7D44-4671-B546-244B4882AF0A}.Release|x64.ActiveCfg = Release|Any CPU
		{E571A59D-7D44-4671-B546-244B4882AF0A}.Release|x64.Build.0 = Release|Any CPU
		{E571A59D-7D44-4671-B546-244B4882AF0A}.Release|x86.ActiveCfg = Release|Any CPU
		{E571A59D-7D44-4671-B546-244B4882AF0A}.Release|x86.Build.0 = Release|Any CPU
	EndGlobalSection
EndGlobal
